
Microsoft Visual Studio Solution File, Format Version 12.00
# Visual Studio Version 17
VisualStudioVersion = 17.3.32819.101
MinimumVisualStudioVersion = 10.0.40219.1
Project("{9A19103F-16F7-4668-BE54-9A1E7A4F7556}") = "PjJefersonSouza", "PjJefersonSouza.csproj", "{D2632704-0001-4011-9165-AFCF59F2A16B}"
EndProject
Global
	GlobalSection(SolutionConfigurationPlatforms) = preSolution
		Debug|Any CPU = Debug|Any CPU
		Release|Any CPU = Release|Any CPU
	EndGlobalSection
	GlobalSection(ProjectConfigurationPlatforms) = postSolution
		{D2632704-0001-4011-9165-AFCF59F2A16B}.Debug|Any CPU.ActiveCfg = Debug|Any CPU
		{D2632704-0001-4011-9165-AFCF59F2A16B}.Debug|Any CPU.Build.0 = Debug|Any CPU
		{D2632704-0001-4011-9165-AFCF59F2A16B}.Release|Any CPU.ActiveCfg = Release|Any CPU
		{D2632704-0001-4011-9165-AFCF59F2A16B}.Release|Any CPU.Build.0 = Release|Any CPU
	EndGlobalSection
	GlobalSection(SolutionProperties) = preSolution
		HideSolutionNode = FALSE
	EndGlobalSection
	GlobalSection(ExtensibilityGlobals) = postSolution
		SolutionGuid = {50087062-6B87-4BCD-91E0-5EB357100BF4}
	EndGlobalSection
EndGlobal
